{
  "name": "@rogerchi/cdk-sns-digest",
  "version": "0.4.0",
  "lockfileVersion": 1,
  "requires": true,
  "dependencies": {
    "@aws-cdk/assets": {
      "version": "1.67.0",
      "resolved": "https://registry.npmjs.org/@aws-cdk/assets/-/assets-1.67.0.tgz",
      "integrity": "sha512-aj602JeRLa3TbCCw+TP8/UBv3f5SWQg6RUoFlPKWEt+d7VnyaOVhsHm+5ZfMHeE+/1Lj4QVvj/ncI2/LfnzFRA==",
      "dev": true,
      "requires": {
        "@aws-cdk/core": "1.67.0",
        "@aws-cdk/cx-api": "1.67.0",
        "constructs": "^3.0.4"
      }
    },
    "@aws-cdk/aws-apigateway": {
      "version": "1.67.0",
      "resolved": "https://registry.npmjs.org/@aws-cdk/aws-apigateway/-/aws-apigateway-1.67.0.tgz",
      "integrity": "sha512-HW5H9lP+QrXhi00n/gwh8t3ycoQPfkiLgrhZa0FF0GJiiellnMBuo89awXSjYrJ1e39Kds8GWXNWbsXEXzSg6w==",
      "dev": true,
      "requires": {
        "@aws-cdk/assets": "1.67.0",
        "@aws-cdk/aws-certificatemanager": "1.67.0",
        "@aws-cdk/aws-ec2": "1.67.0",
        "@aws-cdk/aws-elasticloadbalancingv2": "1.67.0",
        "@aws-cdk/aws-iam": "1.67.0",
        "@aws-cdk/aws-lambda": "1.67.0",
        "@aws-cdk/aws-logs": "1.67.0",
        "@aws-cdk/aws-s3": "1.67.0",
        "@aws-cdk/aws-s3-assets": "1.67.0",
        "@aws-cdk/core": "1.67.0",
        "@aws-cdk/cx-api": "1.67.0",
        "constructs": "^3.0.4"
      }
    },
    "@aws-cdk/aws-applicationautoscaling": {
      "version": "1.67.0",
      "resolved": "https://registry.npmjs.org/@aws-cdk/aws-applicationautoscaling/-/aws-applicationautoscaling-1.67.0.tgz",
      "integrity": "sha512-d75r4OMGpGdnoJbBf9RT5r1Vv35efBYKLa0tR/azkDt6Uq8R5kd8Tgi+JP8et1fsPledXMEF74aZkd775dwXaw==",
      "dev": true,
      "requires": {
        "@aws-cdk/aws-autoscaling-common": "1.67.0",
        "@aws-cdk/aws-cloudwatch": "1.67.0",
        "@aws-cdk/aws-iam": "1.67.0",
        "@aws-cdk/core": "1.67.0",
        "constructs": "^3.0.4"
      }
    },
    "@aws-cdk/aws-autoscaling": {
      "version": "1.67.0",
      "resolved": "https://registry.npmjs.org/@aws-cdk/aws-autoscaling/-/aws-autoscaling-1.67.0.tgz",
      "integrity": "sha512-LU2irDYQEzLDbHBJvlFC5jum1y9gsEdLEBRRNrwjU1zdgKUFyYJRfW1PH1CGu/Rx6BQsSfRCkIlLvcedK/kZUA==",
      "dev": true,
      "requires": {
        "@aws-cdk/aws-autoscaling-common": "1.67.0",
        "@aws-cdk/aws-cloudwatch": "1.67.0",
        "@aws-cdk/aws-ec2": "1.67.0",
        "@aws-cdk/aws-elasticloadbalancing": "1.67.0",
        "@aws-cdk/aws-elasticloadbalancingv2": "1.67.0",
        "@aws-cdk/aws-iam": "1.67.0",
        "@aws-cdk/aws-sns": "1.67.0",
        "@aws-cdk/core": "1.67.0",
        "constructs": "^3.0.4"
      }
    },
    "@aws-cdk/aws-autoscaling-common": {
      "version": "1.67.0",
      "resolved": "https://registry.npmjs.org/@aws-cdk/aws-autoscaling-common/-/aws-autoscaling-common-1.67.0.tgz",
      "integrity": "sha512-CAhfOBMuuf9Y8KTBuabOPI+zrNas3D2QWF4bm2Jn1/bRi5PXfvYW7rCXtsmJFq5X4Mkl/haqaSWZg31fJXiuAg==",
      "dev": true,
      "requires": {
        "@aws-cdk/aws-iam": "1.67.0",
        "@aws-cdk/core": "1.67.0",
        "constructs": "^3.0.4"
      }
    },
    "@aws-cdk/aws-autoscaling-hooktargets": {
      "version": "1.67.0",
      "resolved": "https://registry.npmjs.org/@aws-cdk/aws-autoscaling-hooktargets/-/aws-autoscaling-hooktargets-1.67.0.tgz",
      "integrity": "sha512-6feP64jaRqGq2jKusZZYFcMVJFoDd+u/EKna1Vxf4p2MQ3uCmQahB/aQ/iZryWaxr/WG2SJjiekAEifMba7SSA==",
      "dev": true,
      "requires": {
        "@aws-cdk/aws-autoscaling": "1.67.0",
        "@aws-cdk/aws-iam": "1.67.0",
        "@aws-cdk/aws-kms": "1.67.0",
        "@aws-cdk/aws-lambda": "1.67.0",
        "@aws-cdk/aws-sns": "1.67.0",
        "@aws-cdk/aws-sns-subscriptions": "1.67.0",
        "@aws-cdk/aws-sqs": "1.67.0",
        "@aws-cdk/core": "1.67.0",
        "constructs": "^3.0.4"
      }
    },
    "@aws-cdk/aws-batch": {
      "version": "1.67.0",
      "resolved": "https://registry.npmjs.org/@aws-cdk/aws-batch/-/aws-batch-1.67.0.tgz",
      "integrity": "sha512-WAQMtPLOkjERLk+IepBfnjU03gloxYyrOVcR/QBI+9FLfyE9HEY92TMwEb53ZOSVHkMNVp9BNxogos7QI3su8w==",
      "dev": true,
      "requires": {
        "@aws-cdk/aws-ec2": "1.67.0",
        "@aws-cdk/aws-ecr": "1.67.0",
        "@aws-cdk/aws-ecs": "1.67.0",
        "@aws-cdk/aws-iam": "1.67.0",
        "@aws-cdk/core": "1.67.0",
        "constructs": "^3.0.4"
      }
    },
    "@aws-cdk/aws-certificatemanager": {
      "version": "1.67.0",
      "resolved": "https://registry.npmjs.org/@aws-cdk/aws-certificatemanager/-/aws-certificatemanager-1.67.0.tgz",
      "integrity": "sha512-ejN/Wxs6OzYVBY3bZUY2w2a9U5neqao5qiBYrlvWdq4zDb6GmBDjhyx7ATUW4ba2MZyzFyksOlSHgsk+Rgqv0w==",
      "dev": true,
      "requires": {
        "@aws-cdk/aws-iam": "1.67.0",
        "@aws-cdk/aws-lambda": "1.67.0",
        "@aws-cdk/aws-route53": "1.67.0",
        "@aws-cdk/core": "1.67.0",
        "constructs": "^3.0.4"
      }
    },
    "@aws-cdk/aws-cloudformation": {
      "version": "1.67.0",
      "resolved": "https://registry.npmjs.org/@aws-cdk/aws-cloudformation/-/aws-cloudformation-1.67.0.tgz",
      "integrity": "sha512-aOkR8MFoiYK/QzDbV2Xb70B/+/z3C/AMJGITzytnmKYstO0osIlPnBzYKXQXCUNH6r1EToQuhSmDe7Me0L16lg==",
      "dev": true,
      "requires": {
        "@aws-cdk/aws-iam": "1.67.0",
        "@aws-cdk/aws-lambda": "1.67.0",
        "@aws-cdk/aws-s3": "1.67.0",
        "@aws-cdk/aws-sns": "1.67.0",
        "@aws-cdk/core": "1.67.0",
        "@aws-cdk/cx-api": "1.67.0",
        "constructs": "^3.0.4"
      }
    },
    "@aws-cdk/aws-cloudfront": {
      "version": "1.67.0",
      "resolved": "https://registry.npmjs.org/@aws-cdk/aws-cloudfront/-/aws-cloudfront-1.67.0.tgz",
      "integrity": "sha512-oi/ekL0GZfO8A95aSQeNuz4fM0/RDZphLERvaC9GS3wSuEWOKGu2Z+83mrLwTcr0kQEPTOyk4zbxng2q/3KEeg==",
      "dev": true,
      "requires": {
        "@aws-cdk/aws-certificatemanager": "1.67.0",
        "@aws-cdk/aws-iam": "1.67.0",
        "@aws-cdk/aws-kms": "1.67.0",
        "@aws-cdk/aws-lambda": "1.67.0",
        "@aws-cdk/aws-s3": "1.67.0",
        "@aws-cdk/core": "1.67.0",
        "constructs": "^3.0.4"
      }
    },
    "@aws-cdk/aws-cloudwatch": {
      "version": "1.67.0",
      "resolved": "https://registry.npmjs.org/@aws-cdk/aws-cloudwatch/-/aws-cloudwatch-1.67.0.tgz",
      "integrity": "sha512-WVqIEvxG753yz7B6QSP7f3Rji1ntQCuOeHcEoobOlJS7F9XkDh1l8cDTxy3y5Za65bdLgcY5qeePhj8OLqsWnw==",
      "dev": true,
      "requires": {
        "@aws-cdk/aws-iam": "1.67.0",
        "@aws-cdk/core": "1.67.0",
        "constructs": "^3.0.4"
      }
    },
    "@aws-cdk/aws-codebuild": {
      "version": "1.67.0",
      "resolved": "https://registry.npmjs.org/@aws-cdk/aws-codebuild/-/aws-codebuild-1.67.0.tgz",
      "integrity": "sha512-rmbFJOXoVNIR0TykkfYtsXtB3j2wzbE8xvhdTqBhVb4t8MyKVBWusdO6+jvePIXSwHTaswPr+TsedB9I0+rHCQ==",
      "dev": true,
      "requires": {
        "@aws-cdk/assets": "1.67.0",
        "@aws-cdk/aws-cloudwatch": "1.67.0",
        "@aws-cdk/aws-codecommit": "1.67.0",
        "@aws-cdk/aws-ec2": "1.67.0",
        "@aws-cdk/aws-ecr": "1.67.0",
        "@aws-cdk/aws-ecr-assets": "1.67.0",
        "@aws-cdk/aws-events": "1.67.0",
        "@aws-cdk/aws-iam": "1.67.0",
        "@aws-cdk/aws-kms": "1.67.0",
        "@aws-cdk/aws-s3": "1.67.0",
        "@aws-cdk/aws-s3-assets": "1.67.0",
        "@aws-cdk/aws-secretsmanager": "1.67.0",
        "@aws-cdk/core": "1.67.0",
        "@aws-cdk/region-info": "1.67.0",
        "constructs": "^3.0.4"
      }
    },
    "@aws-cdk/aws-codecommit": {
      "version": "1.67.0",
      "resolved": "https://registry.npmjs.org/@aws-cdk/aws-codecommit/-/aws-codecommit-1.67.0.tgz",
      "integrity": "sha512-gk7QSsceCry0zdJhlpaLmUPQNVY6B+BUQxgLBb8WFqyNRp/zWBt94deZZjkQjeorVwJeM+kjD0+ErX9hSs69iA==",
      "dev": true,
      "requires": {
        "@aws-cdk/aws-events": "1.67.0",
        "@aws-cdk/aws-iam": "1.67.0",
        "@aws-cdk/core": "1.67.0",
        "constructs": "^3.0.4"
      }
    },
    "@aws-cdk/aws-codeguruprofiler": {
      "version": "1.67.0",
      "resolved": "https://registry.npmjs.org/@aws-cdk/aws-codeguruprofiler/-/aws-codeguruprofiler-1.67.0.tgz",
      "integrity": "sha512-ICBUSlF20/HXtH9jRhTeEpXr99QRtHmcqZky0KtMBYARQdot2WDlh4FGGoy8bVBatZgcjL/YlBgcoL46of5amg==",
      "dev": true,
      "requires": {
        "@aws-cdk/aws-iam": "1.67.0",
        "@aws-cdk/core": "1.67.0",
        "constructs": "^3.0.4"
      }
    },
    "@aws-cdk/aws-codepipeline": {
      "version": "1.67.0",
      "resolved": "https://registry.npmjs.org/@aws-cdk/aws-codepipeline/-/aws-codepipeline-1.67.0.tgz",
      "integrity": "sha512-XuI2Kx0t2XBszcaJRKTLG3oIhkdHfE37kO69ARjiBi/klgZH5ajRmp5Ew5L2pB1jbcNHBKNWDqFkbRTgs0ZmUA==",
      "dev": true,
      "requires": {
        "@aws-cdk/aws-events": "1.67.0",
        "@aws-cdk/aws-iam": "1.67.0",
        "@aws-cdk/aws-kms": "1.67.0",
        "@aws-cdk/aws-s3": "1.67.0",
        "@aws-cdk/core": "1.67.0",
        "constructs": "^3.0.4"
      }
    },
    "@aws-cdk/aws-cognito": {
      "version": "1.67.0",
      "resolved": "https://registry.npmjs.org/@aws-cdk/aws-cognito/-/aws-cognito-1.67.0.tgz",
      "integrity": "sha512-f08cSKkG4FmTC2IGIEzCFOp0LmbVyqL4yCt9SoH+WrO8JzHfIjjeO9RotR6MvFquR7RK6kFdKFPX6ixfnrJlRg==",
      "dev": true,
      "requires": {
        "@aws-cdk/aws-certificatemanager": "1.67.0",
        "@aws-cdk/aws-iam": "1.67.0",
        "@aws-cdk/aws-lambda": "1.67.0",
        "@aws-cdk/core": "1.67.0",
        "@aws-cdk/custom-resources": "1.67.0",
        "constructs": "^3.0.4"
      }
    },
    "@aws-cdk/aws-ec2": {
      "version": "1.67.0",
      "resolved": "https://registry.npmjs.org/@aws-cdk/aws-ec2/-/aws-ec2-1.67.0.tgz",
      "integrity": "sha512-hHk2KNtx3MNkG/D36VoFim2OFoDnh0JSGk+yG+ZwTdKbyMbw1cVEzD7fy4MevFrd9qXdnfx+aTYclU+t1swpZA==",
      "dev": true,
      "requires": {
        "@aws-cdk/aws-cloudwatch": "1.67.0",
        "@aws-cdk/aws-iam": "1.67.0",
        "@aws-cdk/aws-kms": "1.67.0",
        "@aws-cdk/aws-logs": "1.67.0",
        "@aws-cdk/aws-s3": "1.67.0",
        "@aws-cdk/aws-s3-assets": "1.67.0",
        "@aws-cdk/aws-ssm": "1.67.0",
        "@aws-cdk/cloud-assembly-schema": "1.67.0",
        "@aws-cdk/core": "1.67.0",
        "@aws-cdk/cx-api": "1.67.0",
        "@aws-cdk/region-info": "1.67.0",
        "constructs": "^3.0.4"
      }
    },
    "@aws-cdk/aws-ecr": {
      "version": "1.67.0",
      "resolved": "https://registry.npmjs.org/@aws-cdk/aws-ecr/-/aws-ecr-1.67.0.tgz",
      "integrity": "sha512-zIdePp6MTyx041Ftl+6kMNrEL3N7auorkIHYr8DnQBVoCwI0QXmgGZxNfASOeoAe9SxLxPAK9poAYjGifuvl8A==",
      "dev": true,
      "requires": {
        "@aws-cdk/aws-events": "1.67.0",
        "@aws-cdk/aws-iam": "1.67.0",
        "@aws-cdk/core": "1.67.0",
        "@aws-cdk/custom-resources": "1.67.0",
        "constructs": "^3.0.4"
      }
    },
    "@aws-cdk/aws-ecr-assets": {
      "version": "1.67.0",
      "resolved": "https://registry.npmjs.org/@aws-cdk/aws-ecr-assets/-/aws-ecr-assets-1.67.0.tgz",
      "integrity": "sha512-vkDylX09Kimbg3wT3ZNqSiNsAUhDwkVVlw7/73OdlMB6Yf+Z8RWvRBUzjChgNvU1rDqMcVZ90OFR8WO4jCR2jQ==",
      "dev": true,
      "requires": {
        "@aws-cdk/assets": "1.67.0",
        "@aws-cdk/aws-ecr": "1.67.0",
        "@aws-cdk/aws-iam": "1.67.0",
        "@aws-cdk/aws-lambda": "1.67.0",
        "@aws-cdk/aws-s3": "1.67.0",
        "@aws-cdk/core": "1.67.0",
        "@aws-cdk/cx-api": "1.67.0",
        "constructs": "^3.0.4",
        "minimatch": "^3.0.4"
      },
      "dependencies": {
        "balanced-match": {
          "version": "1.0.0",
          "bundled": true,
          "dev": true
        },
        "brace-expansion": {
          "version": "1.1.11",
          "bundled": true,
          "dev": true,
          "requires": {
            "balanced-match": "^1.0.0",
            "concat-map": "0.0.1"
          }
        },
        "concat-map": {
          "version": "0.0.1",
          "bundled": true,
          "dev": true
        },
        "minimatch": {
          "version": "3.0.4",
          "bundled": true,
          "dev": true,
          "requires": {
            "brace-expansion": "^1.1.7"
          }
        }
      }
    },
    "@aws-cdk/aws-ecs": {
      "version": "1.67.0",
      "resolved": "https://registry.npmjs.org/@aws-cdk/aws-ecs/-/aws-ecs-1.67.0.tgz",
      "integrity": "sha512-SpQwXuuGF+rWLYiyRI2v1a4sCrnbVmqKtpaUXNmpuj6+BGex6PgEr4slukSVP6FcfeKcxDeGm45Bm72YuVD9/Q==",
      "dev": true,
      "requires": {
        "@aws-cdk/aws-applicationautoscaling": "1.67.0",
        "@aws-cdk/aws-autoscaling": "1.67.0",
        "@aws-cdk/aws-autoscaling-hooktargets": "1.67.0",
        "@aws-cdk/aws-certificatemanager": "1.67.0",
        "@aws-cdk/aws-cloudwatch": "1.67.0",
        "@aws-cdk/aws-ec2": "1.67.0",
        "@aws-cdk/aws-ecr": "1.67.0",
        "@aws-cdk/aws-ecr-assets": "1.67.0",
        "@aws-cdk/aws-elasticloadbalancing": "1.67.0",
        "@aws-cdk/aws-elasticloadbalancingv2": "1.67.0",
        "@aws-cdk/aws-iam": "1.67.0",
        "@aws-cdk/aws-kms": "1.67.0",
        "@aws-cdk/aws-lambda": "1.67.0",
        "@aws-cdk/aws-logs": "1.67.0",
        "@aws-cdk/aws-route53": "1.67.0",
        "@aws-cdk/aws-route53-targets": "1.67.0",
        "@aws-cdk/aws-secretsmanager": "1.67.0",
        "@aws-cdk/aws-servicediscovery": "1.67.0",
        "@aws-cdk/aws-sns": "1.67.0",
        "@aws-cdk/aws-sqs": "1.67.0",
        "@aws-cdk/aws-ssm": "1.67.0",
        "@aws-cdk/core": "1.67.0",
        "@aws-cdk/cx-api": "1.67.0",
        "constructs": "^3.0.4"
      }
    },
    "@aws-cdk/aws-efs": {
      "version": "1.67.0",
      "resolved": "https://registry.npmjs.org/@aws-cdk/aws-efs/-/aws-efs-1.67.0.tgz",
      "integrity": "sha512-GwFwR0dqb1704kfQzNZm1Y0AX0mdlM5Wx9xCYHfOD98FhDSr8nuhLeAoWjuiRC+Rt/AytsrmgE082smcDxZGIw==",
      "dev": true,
      "requires": {
        "@aws-cdk/aws-ec2": "1.67.0",
        "@aws-cdk/aws-kms": "1.67.0",
        "@aws-cdk/cloud-assembly-schema": "1.67.0",
        "@aws-cdk/core": "1.67.0",
        "@aws-cdk/cx-api": "1.67.0",
        "constructs": "^3.0.4"
      }
    },
    "@aws-cdk/aws-elasticloadbalancing": {
      "version": "1.67.0",
      "resolved": "https://registry.npmjs.org/@aws-cdk/aws-elasticloadbalancing/-/aws-elasticloadbalancing-1.67.0.tgz",
      "integrity": "sha512-fY8jAjBwIlsG7hbUXrzZWDZRtRogCm/wubeE2yfodKIR272pWZSBQ7Wy1JgOpaKdY8E0lqo9KTlkk+mZ1vqgSg==",
      "dev": true,
      "requires": {
        "@aws-cdk/aws-ec2": "1.67.0",
        "@aws-cdk/core": "1.67.0",
        "constructs": "^3.0.4"
      }
    },
    "@aws-cdk/aws-elasticloadbalancingv2": {
      "version": "1.67.0",
      "resolved": "https://registry.npmjs.org/@aws-cdk/aws-elasticloadbalancingv2/-/aws-elasticloadbalancingv2-1.67.0.tgz",
      "integrity": "sha512-nBhkWA6lCVCGcmSEoeKEzkxDbqlIFHTiTF90t9oBoCdziBu/kGdJForbpO++msIGp8tiUqXFawrqfFNFMPgFKw==",
      "dev": true,
      "requires": {
        "@aws-cdk/aws-certificatemanager": "1.67.0",
        "@aws-cdk/aws-cloudwatch": "1.67.0",
        "@aws-cdk/aws-ec2": "1.67.0",
        "@aws-cdk/aws-iam": "1.67.0",
        "@aws-cdk/aws-lambda": "1.67.0",
        "@aws-cdk/aws-s3": "1.67.0",
        "@aws-cdk/core": "1.67.0",
        "@aws-cdk/region-info": "1.67.0",
        "constructs": "^3.0.4"
      }
    },
    "@aws-cdk/aws-events": {
      "version": "1.67.0",
      "resolved": "https://registry.npmjs.org/@aws-cdk/aws-events/-/aws-events-1.67.0.tgz",
      "integrity": "sha512-d5Ef00rvOA1SSLPrBpR5lu6jo1WSXsLc61vkb50b0/+eDmfivtSCpj6F59TRn7eaENXOVOIlCWeS2q9M5I/oow==",
      "dev": true,
      "requires": {
        "@aws-cdk/aws-iam": "1.67.0",
        "@aws-cdk/core": "1.67.0",
        "constructs": "^3.0.4"
      }
    },
    "@aws-cdk/aws-events-targets": {
      "version": "1.67.0",
      "resolved": "https://registry.npmjs.org/@aws-cdk/aws-events-targets/-/aws-events-targets-1.67.0.tgz",
      "integrity": "sha512-u8Mi0LHxyOkO3CQ5XJfTQ5friA7vT1Hb4T7xUhkFKevbbJZWG8uUmhldFLL4I5uyiSPgR8Dp2vX0pytWxHQKNA==",
      "dev": true,
      "requires": {
        "@aws-cdk/aws-batch": "1.67.0",
        "@aws-cdk/aws-codebuild": "1.67.0",
        "@aws-cdk/aws-codepipeline": "1.67.0",
        "@aws-cdk/aws-ec2": "1.67.0",
        "@aws-cdk/aws-ecs": "1.67.0",
        "@aws-cdk/aws-events": "1.67.0",
        "@aws-cdk/aws-iam": "1.67.0",
        "@aws-cdk/aws-kinesis": "1.67.0",
        "@aws-cdk/aws-lambda": "1.67.0",
        "@aws-cdk/aws-sns": "1.67.0",
        "@aws-cdk/aws-sns-subscriptions": "1.67.0",
        "@aws-cdk/aws-sqs": "1.67.0",
        "@aws-cdk/aws-stepfunctions": "1.67.0",
        "@aws-cdk/core": "1.67.0",
        "constructs": "^3.0.4"
      }
    },
    "@aws-cdk/aws-iam": {
      "version": "1.67.0",
      "resolved": "https://registry.npmjs.org/@aws-cdk/aws-iam/-/aws-iam-1.67.0.tgz",
      "integrity": "sha512-CuXakd982jI9vr7mOhaBjFxhmMAr8UrnV7D7qgiNwha4imw/a285Yo/+acm6rzGpgysDQ5qi2VtEcNhAQkj0IQ==",
      "dev": true,
      "requires": {
        "@aws-cdk/core": "1.67.0",
        "@aws-cdk/region-info": "1.67.0",
        "constructs": "^3.0.4"
      }
    },
    "@aws-cdk/aws-kinesis": {
      "version": "1.67.0",
      "resolved": "https://registry.npmjs.org/@aws-cdk/aws-kinesis/-/aws-kinesis-1.67.0.tgz",
      "integrity": "sha512-CCm7eadqRkB4P+NYnoBM/wbSZOisMbG7xwDxdbkFOgSvJ+Iudy4suUAbo5mx8dWw7eLHbXPiO6Hb2rG3U9wiTQ==",
      "dev": true,
      "requires": {
        "@aws-cdk/aws-iam": "1.67.0",
        "@aws-cdk/aws-kms": "1.67.0",
        "@aws-cdk/aws-logs": "1.67.0",
        "@aws-cdk/core": "1.67.0",
        "constructs": "^3.0.4"
      }
    },
    "@aws-cdk/aws-kms": {
      "version": "1.67.0",
      "resolved": "https://registry.npmjs.org/@aws-cdk/aws-kms/-/aws-kms-1.67.0.tgz",
      "integrity": "sha512-Yflkkj3J0TktVcf5C7eqQjr4x8M91rKaV97qMe4gStzY3QhaUrKhD0g4zEqa0f49bpBnZhY74ECzHN9Z7/giqQ==",
      "dev": true,
      "requires": {
        "@aws-cdk/aws-iam": "1.67.0",
        "@aws-cdk/core": "1.67.0",
        "constructs": "^3.0.4"
      }
    },
    "@aws-cdk/aws-lambda": {
      "version": "1.67.0",
      "resolved": "https://registry.npmjs.org/@aws-cdk/aws-lambda/-/aws-lambda-1.67.0.tgz",
      "integrity": "sha512-o93MBot1owtIzJ4ZyE8SitRVsJO6yEYc1Q6Qffq3DV0p2o6D0L5ik+T3ghmsRfWXp9x+KL9NRmpn2BreCS0yqg==",
      "dev": true,
      "requires": {
        "@aws-cdk/aws-applicationautoscaling": "1.67.0",
        "@aws-cdk/aws-cloudwatch": "1.67.0",
        "@aws-cdk/aws-codeguruprofiler": "1.67.0",
        "@aws-cdk/aws-ec2": "1.67.0",
        "@aws-cdk/aws-efs": "1.67.0",
        "@aws-cdk/aws-events": "1.67.0",
        "@aws-cdk/aws-iam": "1.67.0",
        "@aws-cdk/aws-logs": "1.67.0",
        "@aws-cdk/aws-s3": "1.67.0",
        "@aws-cdk/aws-s3-assets": "1.67.0",
        "@aws-cdk/aws-sqs": "1.67.0",
        "@aws-cdk/core": "1.67.0",
        "@aws-cdk/cx-api": "1.67.0",
        "constructs": "^3.0.4"
      }
    },
    "@aws-cdk/aws-logs": {
      "version": "1.67.0",
      "resolved": "https://registry.npmjs.org/@aws-cdk/aws-logs/-/aws-logs-1.67.0.tgz",
      "integrity": "sha512-WZucjEU4CfHSd2z0yGroD3MMi/WHxC/BsRTdHH8G26uzJqEHzteTmJR8jRXSqPUWC9Bz1gTzELPPxXbRsYm/cA==",
      "dev": true,
      "requires": {
        "@aws-cdk/aws-cloudwatch": "1.67.0",
        "@aws-cdk/aws-iam": "1.67.0",
        "@aws-cdk/aws-s3-assets": "1.67.0",
        "@aws-cdk/core": "1.67.0",
        "constructs": "^3.0.4"
      }
    },
    "@aws-cdk/aws-route53": {
      "version": "1.67.0",
      "resolved": "https://registry.npmjs.org/@aws-cdk/aws-route53/-/aws-route53-1.67.0.tgz",
      "integrity": "sha512-uFCOmEbaQfRletnW3KruiStj5EH6yVxv5b9oJsurj7M0pSCru/baXxwog1cyoQTQimrTo444bMlBg+C16fj9Gg==",
      "dev": true,
      "requires": {
        "@aws-cdk/aws-ec2": "1.67.0",
        "@aws-cdk/aws-logs": "1.67.0",
        "@aws-cdk/cloud-assembly-schema": "1.67.0",
        "@aws-cdk/core": "1.67.0",
        "constructs": "^3.0.4"
      }
    },
    "@aws-cdk/aws-route53-targets": {
      "version": "1.67.0",
      "resolved": "https://registry.npmjs.org/@aws-cdk/aws-route53-targets/-/aws-route53-targets-1.67.0.tgz",
      "integrity": "sha512-eUC3BWTjRhjc0VMEbzJ1gg+88vlQOY+v4simke3E7Oniy2hW8EoTrR43IoyKXZAhgeGlnL8BBboTRB8HyAf9TA==",
      "dev": true,
      "requires": {
        "@aws-cdk/aws-apigateway": "1.67.0",
        "@aws-cdk/aws-cloudfront": "1.67.0",
        "@aws-cdk/aws-cognito": "1.67.0",
        "@aws-cdk/aws-ec2": "1.67.0",
        "@aws-cdk/aws-elasticloadbalancing": "1.67.0",
        "@aws-cdk/aws-elasticloadbalancingv2": "1.67.0",
        "@aws-cdk/aws-iam": "1.67.0",
        "@aws-cdk/aws-route53": "1.67.0",
        "@aws-cdk/aws-s3": "1.67.0",
        "@aws-cdk/core": "1.67.0",
        "@aws-cdk/region-info": "1.67.0",
        "constructs": "^3.0.4"
      }
    },
    "@aws-cdk/aws-s3": {
      "version": "1.67.0",
      "resolved": "https://registry.npmjs.org/@aws-cdk/aws-s3/-/aws-s3-1.67.0.tgz",
      "integrity": "sha512-uXrPJQ8PyM8ecEnamaQic4sA0qqgffXjB/RnxmlblQW8DxWrwjDkEUpVc2W4OiQ3sKe0+l8G2H+8CqPH+oIGoA==",
      "dev": true,
      "requires": {
        "@aws-cdk/aws-events": "1.67.0",
        "@aws-cdk/aws-iam": "1.67.0",
        "@aws-cdk/aws-kms": "1.67.0",
        "@aws-cdk/core": "1.67.0",
        "constructs": "^3.0.4"
      }
    },
    "@aws-cdk/aws-s3-assets": {
      "version": "1.67.0",
      "resolved": "https://registry.npmjs.org/@aws-cdk/aws-s3-assets/-/aws-s3-assets-1.67.0.tgz",
      "integrity": "sha512-SMP1YQxZA0qGYiWNZ+8EpxjH0LIoEWx0s5LL01OP4SoXDsSDEDO56eQTP32/7gyQkSdpMAR+3ccOui8yVUFdpg==",
      "dev": true,
      "requires": {
        "@aws-cdk/assets": "1.67.0",
        "@aws-cdk/aws-iam": "1.67.0",
        "@aws-cdk/aws-kms": "1.67.0",
        "@aws-cdk/aws-s3": "1.67.0",
        "@aws-cdk/core": "1.67.0",
        "@aws-cdk/cx-api": "1.67.0",
        "constructs": "^3.0.4"
      }
    },
    "@aws-cdk/aws-sam": {
      "version": "1.67.0",
      "resolved": "https://registry.npmjs.org/@aws-cdk/aws-sam/-/aws-sam-1.67.0.tgz",
      "integrity": "sha512-dOOmWXTypXm2Q+14RKLMRfUDJon3sECkx4iJMPYvABsVx3Po8EIoBQkceatmHRRFszi41gCpJSDiuy84j8M9cw==",
      "dev": true,
      "requires": {
        "@aws-cdk/core": "1.67.0",
        "constructs": "^3.0.4"
      }
    },
    "@aws-cdk/aws-secretsmanager": {
      "version": "1.67.0",
      "resolved": "https://registry.npmjs.org/@aws-cdk/aws-secretsmanager/-/aws-secretsmanager-1.67.0.tgz",
      "integrity": "sha512-fuL8Q1zL2v6RP7SSzGoit86w13S9Y8Y8qWcmSx+3waWtwsDJjTuiAY8MuaPPlYDqYSmtOkvecn4TyUhyQI5wrw==",
      "dev": true,
      "requires": {
        "@aws-cdk/aws-ec2": "1.67.0",
        "@aws-cdk/aws-iam": "1.67.0",
        "@aws-cdk/aws-kms": "1.67.0",
        "@aws-cdk/aws-lambda": "1.67.0",
        "@aws-cdk/aws-sam": "1.67.0",
        "@aws-cdk/core": "1.67.0",
        "constructs": "^3.0.4"
      }
    },
    "@aws-cdk/aws-servicediscovery": {
      "version": "1.67.0",
      "resolved": "https://registry.npmjs.org/@aws-cdk/aws-servicediscovery/-/aws-servicediscovery-1.67.0.tgz",
      "integrity": "sha512-ah9JOi4LvKCP2TUiFV3KkRY2mmAJJvK6tjcw4tVyQmF2sNnSAqVHEmI8tQ37n9UND5B9e4bGQ1HSjBwMMKN27g==",
      "dev": true,
      "requires": {
        "@aws-cdk/aws-ec2": "1.67.0",
        "@aws-cdk/aws-elasticloadbalancingv2": "1.67.0",
        "@aws-cdk/aws-route53": "1.67.0",
        "@aws-cdk/core": "1.67.0",
        "constructs": "^3.0.4"
      }
    },
    "@aws-cdk/aws-sns": {
      "version": "1.67.0",
      "resolved": "https://registry.npmjs.org/@aws-cdk/aws-sns/-/aws-sns-1.67.0.tgz",
      "integrity": "sha512-K3sQczCGvc+0cg6QOiGWUabfNYUnYdSLeov/8zjGXKMkH1qpnCx6ErPIgHCXX58xWvZsOF8lgqc8MyswG3VP2A==",
      "dev": true,
      "requires": {
        "@aws-cdk/aws-cloudwatch": "1.67.0",
        "@aws-cdk/aws-events": "1.67.0",
        "@aws-cdk/aws-iam": "1.67.0",
        "@aws-cdk/aws-kms": "1.67.0",
        "@aws-cdk/aws-sqs": "1.67.0",
        "@aws-cdk/core": "1.67.0",
        "constructs": "^3.0.4"
      }
    },
    "@aws-cdk/aws-sns-subscriptions": {
      "version": "1.67.0",
      "resolved": "https://registry.npmjs.org/@aws-cdk/aws-sns-subscriptions/-/aws-sns-subscriptions-1.67.0.tgz",
      "integrity": "sha512-4GLtxm+SqGQQHixH4CK3aNVGlpCJWhdnnigU9JLaq/UAUkzcUa1MuL6hqgnC2/enC3i/xqkiVtOGhlV39xvnxg==",
      "dev": true,
      "requires": {
        "@aws-cdk/aws-iam": "1.67.0",
        "@aws-cdk/aws-lambda": "1.67.0",
        "@aws-cdk/aws-sns": "1.67.0",
        "@aws-cdk/aws-sqs": "1.67.0",
        "@aws-cdk/core": "1.67.0",
        "constructs": "^3.0.4"
      }
    },
    "@aws-cdk/aws-sqs": {
      "version": "1.67.0",
      "resolved": "https://registry.npmjs.org/@aws-cdk/aws-sqs/-/aws-sqs-1.67.0.tgz",
      "integrity": "sha512-HuFZRs5+i1xbxKiRsZqo19kP5LeSQYJVUtaRdqi+ibHrgN07EYOQIjLMbat/Rj7sOz/W7Lk19Ij95KHbDButuw==",
      "dev": true,
      "requires": {
        "@aws-cdk/aws-cloudwatch": "1.67.0",
        "@aws-cdk/aws-iam": "1.67.0",
        "@aws-cdk/aws-kms": "1.67.0",
        "@aws-cdk/core": "1.67.0",
        "constructs": "^3.0.4"
      }
    },
    "@aws-cdk/aws-ssm": {
      "version": "1.67.0",
      "resolved": "https://registry.npmjs.org/@aws-cdk/aws-ssm/-/aws-ssm-1.67.0.tgz",
      "integrity": "sha512-1JQ4hx+/NqaerSzDEeOkg3by6fd8iDvmUsIBXM0kJ0JXJtRcoCXaXGeCR8n1kqGY8kajrX+MyIde4gWaG2SF1w==",
      "dev": true,
      "requires": {
        "@aws-cdk/aws-iam": "1.67.0",
        "@aws-cdk/aws-kms": "1.67.0",
        "@aws-cdk/cloud-assembly-schema": "1.67.0",
        "@aws-cdk/core": "1.67.0",
        "constructs": "^3.0.4"
      }
    },
    "@aws-cdk/aws-stepfunctions": {
      "version": "1.67.0",
      "resolved": "https://registry.npmjs.org/@aws-cdk/aws-stepfunctions/-/aws-stepfunctions-1.67.0.tgz",
      "integrity": "sha512-G+FjtAcBMAs5wMBaWiuyjNTacfaKoXxtp+1FQH2ZVrFpK2VoxdPs/5wOv4C1m1srVwfSKIeKaj5WSHR73YO4qA==",
      "dev": true,
      "requires": {
        "@aws-cdk/aws-cloudwatch": "1.67.0",
        "@aws-cdk/aws-events": "1.67.0",
        "@aws-cdk/aws-iam": "1.67.0",
        "@aws-cdk/aws-logs": "1.67.0",
        "@aws-cdk/core": "1.67.0",
        "constructs": "^3.0.4"
      }
    },
    "@aws-cdk/cloud-assembly-schema": {
      "version": "1.67.0",
      "resolved": "https://registry.npmjs.org/@aws-cdk/cloud-assembly-schema/-/cloud-assembly-schema-1.67.0.tgz",
      "integrity": "sha512-O/UZ9iH+JnkgrTlyGQXc2Eg7dr1GV9l8GF0IhfynxT/5/PMA1bC96PEdsFu8Zv72+ZaGncFk5rEVx/j79MeiPA==",
      "dev": true,
      "requires": {
        "jsonschema": "^1.2.10",
        "semver": "^7.3.2"
      },
      "dependencies": {
        "jsonschema": {
          "version": "1.2.10",
          "bundled": true,
          "dev": true
        },
        "semver": {
          "version": "7.3.2",
          "bundled": true,
          "dev": true
        }
      }
    },
    "@aws-cdk/core": {
      "version": "1.67.0",
      "resolved": "https://registry.npmjs.org/@aws-cdk/core/-/core-1.67.0.tgz",
      "integrity": "sha512-qAfq/mTcSr5SuhjqQODPEmK24cSki+5Uquw9zHkq+gKue7g98PkzYyR1mDQWneJTeUZa7NqkwepTJq6gbandRQ==",
      "dev": true,
      "requires": {
        "@aws-cdk/cloud-assembly-schema": "1.67.0",
        "@aws-cdk/cx-api": "1.67.0",
        "@aws-cdk/region-info": "1.67.0",
        "constructs": "^3.0.4",
        "fs-extra": "^9.0.1",
        "minimatch": "^3.0.4"
      },
      "dependencies": {
        "at-least-node": {
          "version": "1.0.0",
          "bundled": true,
          "dev": true
        },
        "balanced-match": {
          "version": "1.0.0",
          "bundled": true,
          "dev": true
        },
        "brace-expansion": {
          "version": "1.1.11",
          "bundled": true,
          "dev": true,
          "requires": {
            "balanced-match": "^1.0.0",
            "concat-map": "0.0.1"
          }
        },
        "concat-map": {
          "version": "0.0.1",
          "bundled": true,
          "dev": true
        },
        "fs-extra": {
          "version": "9.0.1",
          "bundled": true,
          "dev": true,
          "requires": {
            "at-least-node": "^1.0.0",
            "graceful-fs": "^4.2.0",
            "jsonfile": "^6.0.1",
            "universalify": "^1.0.0"
          }
        },
        "graceful-fs": {
          "version": "4.2.4",
          "bundled": true,
          "dev": true
        },
        "jsonfile": {
          "version": "6.0.1",
          "bundled": true,
          "dev": true,
          "requires": {
            "graceful-fs": "^4.1.6",
            "universalify": "^1.0.0"
          }
        },
        "minimatch": {
          "version": "3.0.4",
          "bundled": true,
          "dev": true,
          "requires": {
            "brace-expansion": "^1.1.7"
          }
        },
        "universalify": {
          "version": "1.0.0",
          "bundled": true,
          "dev": true
        }
      }
    },
    "@aws-cdk/custom-resources": {
      "version": "1.67.0",
      "resolved": "https://registry.npmjs.org/@aws-cdk/custom-resources/-/custom-resources-1.67.0.tgz",
      "integrity": "sha512-4a8ZQ5OKTqMADri0QmlwAWCx/svhbVhKOTlp7cG1UjSNKn3RRTjjXcFSJiTKhBD2hW8bR4xPHCEgXKGPKHy/NQ==",
      "dev": true,
      "requires": {
        "@aws-cdk/aws-cloudformation": "1.67.0",
        "@aws-cdk/aws-iam": "1.67.0",
        "@aws-cdk/aws-lambda": "1.67.0",
        "@aws-cdk/aws-logs": "1.67.0",
        "@aws-cdk/aws-sns": "1.67.0",
        "@aws-cdk/core": "1.67.0",
        "constructs": "^3.0.4"
      }
    },
    "@aws-cdk/cx-api": {
      "version": "1.67.0",
      "resolved": "https://registry.npmjs.org/@aws-cdk/cx-api/-/cx-api-1.67.0.tgz",
      "integrity": "sha512-uTeEy6OmGSUS09BhHsZUJjalWGblODZS0nfwws0qE/XG6ue3KNQ2vkOwO3f1pT3a3Ntn8SDO52gMFp7Nu8UC7g==",
      "dev": true,
      "requires": {
        "@aws-cdk/cloud-assembly-schema": "1.67.0",
        "semver": "^7.3.2"
      },
      "dependencies": {
        "semver": {
          "version": "7.3.2",
          "bundled": true,
          "dev": true
        }
      }
    },
    "@aws-cdk/region-info": {
      "version": "1.67.0",
      "resolved": "https://registry.npmjs.org/@aws-cdk/region-info/-/region-info-1.67.0.tgz",
      "integrity": "sha512-qM63kG2SCs3rCf5ieccWadu1tuqn5VpJ9Hf1HapJXryoVTGf3S/a0HPxmMbVwMKDatsV7kWmMscmD3xfNwB4PA==",
      "dev": true
    },
    "@types/node": {
      "version": "10.17.5",
      "resolved": "https://registry.npmjs.org/@types/node/-/node-10.17.5.tgz",
      "integrity": "sha512-RElZIr/7JreF1eY6oD5RF3kpmdcreuQPjg5ri4oQ5g9sq7YWU8HkfB3eH8GwAwxf5OaCh0VPi7r4N/yoTGelrA==",
      "dev": true
    },
    "@types/node-fetch": {
      "version": "2.5.7",
      "resolved": "https://registry.npmjs.org/@types/node-fetch/-/node-fetch-2.5.7.tgz",
      "integrity": "sha512-o2WVNf5UhWRkxlf6eq+jMZDu7kjgpgJfl4xVNlvryc95O/6F2ld8ztKX+qu+Rjyet93WAWm5LjeX9H5FGkODvw==",
      "dev": true,
      "requires": {
        "@types/node": "*",
        "form-data": "^3.0.0"
      },
      "dependencies": {
        "form-data": {
          "version": "3.0.0",
          "resolved": "https://registry.npmjs.org/form-data/-/form-data-3.0.0.tgz",
          "integrity": "sha512-CKMFDglpbMi6PyN+brwB9Q/GOw0eAnsrEZDgcsH5Krhz5Od/haKHAX0NmQfha2zPPz0JpWzA7GJHGSnvCRLWsg==",
          "dev": true,
          "requires": {
            "asynckit": "^0.4.0",
            "combined-stream": "^1.0.8",
            "mime-types": "^2.1.12"
          }
        }
      }
    },
    "@types/papaparse": {
      "version": "5.2.3",
      "resolved": "https://registry.npmjs.org/@types/papaparse/-/papaparse-5.2.3.tgz",
      "integrity": "sha512-7+VJ1qEn7YRxH2MI/P6EnGMjkArU+uXRBJIpOJIGE+MGySFtLysyCr+EUwxnw6NsSfkXiHiDmaeka1Dpa7jrrw==",
      "dev": true,
      "requires": {
        "@types/node": "*"
      }
    },
    "asynckit": {
      "version": "0.4.0",
      "resolved": "https://registry.npmjs.org/asynckit/-/asynckit-0.4.0.tgz",
      "integrity": "sha1-x57Zf380y48robyXkLzDZkdLS3k=",
      "dev": true
    },
    "buffer-from": {
      "version": "1.1.1",
      "resolved": "https://registry.npmjs.org/buffer-from/-/buffer-from-1.1.1.tgz",
      "integrity": "sha512-MQcXEUbCKtEo7bhqEs6560Hyd4XaovZlO/k9V3hjVUF/zwW7KBVdSK4gIt/bzwS9MbR5qob+F5jusZsb0YQK2A=="
    },
    "combined-stream": {
      "version": "1.0.8",
      "resolved": "https://registry.npmjs.org/combined-stream/-/combined-stream-1.0.8.tgz",
      "integrity": "sha512-FQN4MRfuJeHf7cBbBMJFXhKSDq+2kAArBlmRBvcvFE5BB1HZKXtSFASDhdlz9zOYwxh8lDdnvmMOe/+5cdoEdg==",
      "dev": true,
      "requires": {
        "delayed-stream": "~1.0.0"
      }
    },
    "constructs": {
      "version": "3.0.12",
      "resolved": "https://registry.npmjs.org/constructs/-/constructs-3.0.12.tgz",
      "integrity": "sha512-UKXD4fQ185HE6RE0ACFFrXtnzRdzx7odmgnvtm9IuJkf2vtAqMYUwL5u/hEsU/vuxbSE41VfCc0k16Shd1w6Ng==",
      "dev": true
    },
    "delayed-stream": {
      "version": "1.0.0",
      "resolved": "https://registry.npmjs.org/delayed-stream/-/delayed-stream-1.0.0.tgz",
      "integrity": "sha1-3zrhmayt+31ECqrgsp4icrJOxhk=",
      "dev": true
    },
    "mime-db": {
      "version": "1.44.0",
      "resolved": "https://registry.npmjs.org/mime-db/-/mime-db-1.44.0.tgz",
      "integrity": "sha512-/NOTfLrsPBVeH7YtFPgsVWveuL+4SjjYxaQ1xtM1KMFj7HdxlBlxeyNLzhyJVx7r4rZGJAZ/6lkKCitSc/Nmpg==",
      "dev": true
    },
    "mime-types": {
      "version": "2.1.27",
      "resolved": "https://registry.npmjs.org/mime-types/-/mime-types-2.1.27.tgz",
      "integrity": "sha512-JIhqnCasI9yD+SsmkquHBxTSEuZdQX5BuQnS2Vc7puQQQ+8yiP5AY5uWhpdv4YL4VM5c6iliiYWPgJ/nJQLp7w==",
      "dev": true,
      "requires": {
        "mime-db": "1.44.0"
      }
    },
    "node-fetch": {
      "version": "2.6.1",
      "resolved": "https://registry.npmjs.org/node-fetch/-/node-fetch-2.6.1.tgz",
      "integrity": "sha512-V4aYg89jEoVRxRb2fJdAg8FHvI7cEyYdVAh94HH0UIK8oJxUfkjlDQN9RbMx+bEjP7+ggMiFRprSti032Oipxw=="
    },
    "papaparse": {
      "version": "5.3.0",
      "resolved": "https://registry.npmjs.org/papaparse/-/papaparse-5.3.0.tgz",
      "integrity": "sha512-Lb7jN/4bTpiuGPrYy4tkKoUS8sTki8zacB5ke1p5zolhcSE4TlWgrlsxjrDTbG/dFVh07ck7X36hUf/b5V68pg=="
    },
    "source-map": {
      "version": "0.6.1",
      "resolved": "https://registry.npmjs.org/source-map/-/source-map-0.6.1.tgz",
      "integrity": "sha512-UjgapumWlbMhkBgzT7Ykc5YXUT46F0iKu8SGXq0bcwP5dz/h0Plj6enJqjz1Zbq2l5WaqYnrVbwWOWMyF3F47g=="
    },
    "source-map-support": {
      "version": "0.5.19",
      "resolved": "https://registry.npmjs.org/source-map-support/-/source-map-support-0.5.19.tgz",
      "integrity": "sha512-Wonm7zOCIJzBGQdB+thsPar0kYuCIzYvxZwlBa87yi/Mdjv7Tip2cyVbLj5o0cFPN4EVkuTwb3GDDyUx2DGnGw==",
      "requires": {
        "buffer-from": "^1.0.0",
        "source-map": "^0.6.0"
      }
    },
    "typescript": {
      "version": "3.9.7",
      "resolved": "https://registry.npmjs.org/typescript/-/typescript-3.9.7.tgz",
      "integrity": "sha512-BLbiRkiBzAwsjut4x/dsibSTB6yWpwT5qWmC2OfuCg3GgVQCSgMs4vEctYPhsaGtd0AeuuHMkjZ2h2WG8MSzRw==",
      "dev": true
    }
  }
}
